
Microsoft Visual Studio Solution File, Format Version 12.00
# Visual Studio Version 16
VisualStudioVersion = 16.0.31105.61
MinimumVisualStudioVersion = 10.0.40219.1
Project("{FAE04EC0-301F-11D3-BF4B-00C04F79EFBC}") = "BookCar", "BookCar\BookCar.csproj", "{52D289E4-3C34-4DB8-AC9C-BB10A6A49C45}"
EndProject
Global
	GlobalSection(SolutionConfigurationPlatforms) = preSolution
		Debug|Any CPU = Debug|Any CPU
		Release|Any CPU = Release|Any CPU
	EndGlobalSection
	GlobalSection(ProjectConfigurationPlatforms) = postSolution
		{52D289E4-3C34-4DB8-AC9C-BB10A6A49C45}.Debug|Any CPU.ActiveCfg = Debug|Any CPU
		{52D289E4-3C34-4DB8-AC9C-BB10A6A49C45}.Debug|Any CPU.Build.0 = Debug|Any CPU
		{52D289E4-3C34-4DB8-AC9C-BB10A6A49C45}.Release|Any CPU.ActiveCfg = Release|Any CPU
		{52D289E4-3C34-4DB8-AC9C-BB10A6A49C45}.Release|Any CPU.Build.0 = Release|Any CPU
	EndGlobalSection
	GlobalSection(SolutionProperties) = preSolution
		HideSolutionNode = FALSE
	EndGlobalSection
	GlobalSection(ExtensibilityGlobals) = postSolution
		SolutionGuid = {40E4F96A-4A4C-4437-BA28-7C9C56604A5A}
	EndGlobalSection
EndGlobal
